
Microsoft Visual Studio Solution File, Format Version 12.00
# Visual Studio Version 17
VisualStudioVersion = 17.5.002.0
MinimumVisualStudioVersion = 10.0.40219.1
Project("{9A19103F-16F7-4668-BE54-9A1E7A4F7556}") = "ProjetoA3", "ProjetoA3\ProjetoA3.csproj", "{BE7B161D-6CDF-4E39-8DA6-2F53F7DA6A45}"
EndProject
Global
	GlobalSection(SolutionConfigurationPlatforms) = preSolution
		Debug|Any CPU = Debug|Any CPU
		Release|Any CPU = Release|Any CPU
	EndGlobalSection
	GlobalSection(ProjectConfigurationPlatforms) = postSolution
		{BE7B161D-6CDF-4E39-8DA6-2F53F7DA6A45}.Debug|Any CPU.ActiveCfg = Debug|Any CPU
		{BE7B161D-6CDF-4E39-8DA6-2F53F7DA6A45}.Debug|Any CPU.Build.0 = Debug|Any CPU
		{BE7B161D-6CDF-4E39-8DA6-2F53F7DA6A45}.Release|Any CPU.ActiveCfg = Release|Any CPU
		{BE7B161D-6CDF-4E39-8DA6-2F53F7DA6A45}.Release|Any CPU.Build.0 = Release|Any CPU
	EndGlobalSection
	GlobalSection(SolutionProperties) = preSolution
		HideSolutionNode = FALSE
	EndGlobalSection
	GlobalSection(ExtensibilityGlobals) = postSolution
		SolutionGuid = {695D9F61-A8EE-4051-B645-3BC7A66E4C67}
	EndGlobalSection
EndGlobal
